PODS:
  - Flutter (1.0.0)
  - surrealdb (0.0.1):
    - Flutter

DEPENDENCIES:
  - Flutter (from `Flutter`)
  - surrealdb (from `.symlinks/plugins/surrealdb/ios`)

EXTERNAL SOURCES:
  Flutter:
    :path: Flutter
  surrealdb:
    :path: ".symlinks/plugins/surrealdb/ios"

SPEC CHECKSUMS:
  Flutter: f04841e97a9d0b0a8025694d0796dd46242b2854
  surrealdb: dcd1f3aa76f006f3bd25ad3635bf6c0974b23d5c

PODFILE CHECKSUM: ef19549a9bc3046e7bb7d2fab4d021637c0c58a3

COCOAPODS: 1.11.3
