PODS:
  - FlutterMacOS (1.0.0)
  - surrealdb (0.0.1):
    - FlutterMacOS

DEPENDENCIES:
  - FlutterMacOS (from `Flutter/ephemeral`)
  - surrealdb (from `Flutter/ephemeral/.symlinks/plugins/surrealdb/macos`)

EXTERNAL SOURCES:
  FlutterMacOS:
    :path: Flutter/ephemeral
  surrealdb:
    :path: Flutter/ephemeral/.symlinks/plugins/surrealdb/macos

SPEC CHECKSUMS:
  FlutterMacOS: ae6af50a8ea7d6103d888583d46bd8328a7e9811
  surrealdb: 99f064eec3aeb07ca4a3bef4104422932219acb8

PODFILE CHECKSUM: 6eac6b3292e5142cfc23bdeb71848a40ec51c14c

COCOAPODS: 1.11.3
